
Microsoft Visual Studio Solution File, Format Version 12.00
# Visual Studio Version 17
VisualStudioVersion = 17.0.31903.59
MinimumVisualStudioVersion = 10.0.40219.1
Project("{2150E333-8FDC-42A3-9474-1A3956D46DE8}") = "src", "src", "{827E0CD3-B72D-47B6-A68D-7590B98EB39B}"
EndProject
Project("{FAE04EC0-301F-11D3-BF4B-00C04F79EFBC}") = "SimBootstrap.Common", "src\SimBootstrap.Common\SimBootstrap.Common.csproj", "{46E0799C-D3E2-48D7-9D0D-A9BE7929FA30}"
EndProject
Project("{FAE04EC0-301F-11D3-BF4B-00C04F79EFBC}") = "SimBootstrap.Logging", "src\SimBootstrap.Logging\SimBootstrap.Logging.csproj", "{A5C65AE3-12B4-4C0E-82CE-990052EDFA87}"
EndProject
Project("{FAE04EC0-301F-11D3-BF4B-00C04F79EFBC}") = "SimBootstrap.Contracts", "src\SimBootstrap.Contracts\SimBootstrap.Contracts.csproj", "{65B36500-9F30-4E0F-9FED-8EB2ABB41BFD}"
EndProject
Project("{FAE04EC0-301F-11D3-BF4B-00C04F79EFBC}") = "SimBootstrap.Core", "src\SimBootstrap.Core\SimBootstrap.Core.csproj", "{95D07D1C-7362-4D52-A93B-CD253161F53C}"
EndProject
Project("{FAE04EC0-301F-11D3-BF4B-00C04F79EFBC}") = "SimBootstrap.Packages", "src\SimBootstrap.Packages\SimBootstrap.Packages.csproj", "{806AE552-E119-4789-B283-07E2CFDE3323}"
EndProject
Project("{FAE04EC0-301F-11D3-BF4B-00C04F79EFBC}") = "SimBootstrap.Engine", "src\SimBootstrap.Engine\SimBootstrap.Engine.csproj", "{D69D4AD6-F007-40F1-9E01-C7838FC69055}"
EndProject
Project("{FAE04EC0-301F-11D3-BF4B-00C04F79EFBC}") = "SimBootstrap.SDK", "src\SimBootstrap.SDK\SimBootstrap.SDK.csproj", "{DF55D12F-C2B2-4213-B907-58BC07E331C1}"
EndProject
Project("{FAE04EC0-301F-11D3-BF4B-00C04F79EFBC}") = "SimBootstrap.Tests.Unit", "tests\SimBootstrap.Tests.Unit\SimBootstrap.Tests.Unit.csproj", "{7FB688BD-0C57-4442-A5AF-F12D139556E8}"
EndProject
Project("{FAE04EC0-301F-11D3-BF4B-00C04F79EFBC}") = "SimBootstrap.Tests.Integration", "tests\SimBootstrap.Tests.Integration\SimBootstrap.Tests.Integration.csproj", "{E31DB793-E853-41A8-A897-328140743FBF}"
EndProject
Project("{FAE04EC0-301F-11D3-BF4B-00C04F79EFBC}") = "SimBootstrap.CLI", "src\SimBootstrap.CLI\SimBootstrap.CLI.csproj", "{290AFBB1-4A70-4562-BFEB-1C54DE258EC5}"
EndProject
Project("{FAE04EC0-301F-11D3-BF4B-00C04F79EFBC}") = "SimBootstrap.Agent", "src\SimBootstrap.Agent\SimBootstrap.Agent.csproj", "{34ED2D96-988E-4D3C-AAF3-6349C16A69C3}"
EndProject
Global
	GlobalSection(SolutionConfigurationPlatforms) = preSolution
		Debug|Any CPU = Debug|Any CPU
		Debug|x64 = Debug|x64
		Debug|x86 = Debug|x86
		Release|Any CPU = Release|Any CPU
		Release|x64 = Release|x64
		Release|x86 = Release|x86
	EndGlobalSection
	GlobalSection(ProjectConfigurationPlatforms) = postSolution
		{46E0799C-D3E2-48D7-9D0D-A9BE7929FA30}.Debug|Any CPU.ActiveCfg = Debug|Any CPU
		{46E0799C-D3E2-48D7-9D0D-A9BE7929FA30}.Debug|Any CPU.Build.0 = Debug|Any CPU
		{46E0799C-D3E2-48D7-9D0D-A9BE7929FA30}.Debug|x64.ActiveCfg = Debug|Any CPU
		{46E0799C-D3E2-48D7-9D0D-A9BE7929FA30}.Debug|x64.Build.0 = Debug|Any CPU
		{46E0799C-D3E2-48D7-9D0D-A9BE7929FA30}.Debug|x86.ActiveCfg = Debug|Any CPU
		{46E0799C-D3E2-48D7-9D0D-A9BE7929FA30}.Debug|x86.Build.0 = Debug|Any CPU
		{46E0799C-D3E2-48D7-9D0D-A9BE7929FA30}.Release|Any CPU.ActiveCfg = Release|Any CPU
		{46E0799C-D3E2-48D7-9D0D-A9BE7929FA30}.Release|Any CPU.Build.0 = Release|Any CPU
		{46E0799C-D3E2-48D7-9D0D-A9BE7929FA30}.Release|x64.ActiveCfg = Release|Any CPU
		{46E0799C-D3E2-48D7-9D0D-A9BE7929FA30}.Release|x64.Build.0 = Release|Any CPU
		{46E0799C-D3E2-48D7-9D0D-A9BE7929FA30}.Release|x86.ActiveCfg = Release|Any CPU
		{46E0799C-D3E2-48D7-9D0D-A9BE7929FA30}.Release|x86.Build.0 = Release|Any CPU
		{A5C65AE3-12B4-4C0E-82CE-990052EDFA87}.Debug|Any CPU.ActiveCfg = Debug|Any CPU
		{A5C65AE3-12B4-4C0E-82CE-990052EDFA87}.Debug|Any CPU.Build.0 = Debug|Any CPU
		{A5C65AE3-12B4-4C0E-82CE-990052EDFA87}.Debug|x64.ActiveCfg = Debug|Any CPU
		{A5C65AE3-12B4-4C0E-82CE-990052EDFA87}.Debug|x64.Build.0 = Debug|Any CPU
		{A5C65AE3-12B4-4C0E-82CE-990052EDFA87}.Debug|x86.ActiveCfg = Debug|Any CPU
		{A5C65AE3-12B4-4C0E-82CE-990052EDFA87}.Debug|x86.Build.0 = Debug|Any CPU
		{A5C65AE3-12B4-4C0E-82CE-990052EDFA87}.Release|Any CPU.ActiveCfg = Release|Any CPU
		{A5C65AE3-12B4-4C0E-82CE-990052EDFA87}.Release|Any CPU.Build.0 = Release|Any CPU
		{A5C65AE3-12B4-4C0E-82CE-990052EDFA87}.Release|x64.ActiveCfg = Release|Any CPU
		{A5C65AE3-12B4-4C0E-82CE-990052EDFA87}.Release|x64.Build.0 = Release|Any CPU
		{A5C65AE3-12B4-4C0E-82CE-990052EDFA87}.Release|x86.ActiveCfg = Release|Any CPU
		{A5C65AE3-12B4-4C0E-82CE-990052EDFA87}.Release|x86.Build.0 = Release|Any CPU
		{65B36500-9F30-4E0F-9FED-8EB2ABB41BFD}.Debug|Any CPU.ActiveCfg = Debug|Any CPU
		{65B36500-9F30-4E0F-9FED-8EB2ABB41BFD}.Debug|Any CPU.Build.0 = Debug|Any CPU
		{65B36500-9F30-4E0F-9FED-8EB2ABB41BFD}.Debug|x64.ActiveCfg = Debug|Any CPU
		{65B36500-9F30-4E0F-9FED-8EB2ABB41BFD}.Debug|x64.Build.0 = Debug|Any CPU
		{65B36500-9F30-4E0F-9FED-8EB2ABB41BFD}.Debug|x86.ActiveCfg = Debug|Any CPU
		{65B36500-9F30-4E0F-9FED-8EB2ABB41BFD}.Debug|x86.Build.0 = Debug|Any CPU
		{65B36500-9F30-4E0F-9FED-8EB2ABB41BFD}.Release|Any CPU.ActiveCfg = Release|Any CPU
		{65B36500-9F30-4E0F-9FED-8EB2ABB41BFD}.Release|Any CPU.Build.0 = Release|Any CPU
		{65B36500-9F30-4E0F-9FED-8EB2ABB41BFD}.Release|x64.ActiveCfg = Release|Any CPU
		{65B36500-9F30-4E0F-9FED-8EB2ABB41BFD}.Release|x64.Build.0 = Release|Any CPU
		{65B36500-9F30-4E0F-9FED-8EB2ABB41BFD}.Release|x86.ActiveCfg = Release|Any CPU
		{65B36500-9F30-4E0F-9FED-8EB2ABB41BFD}.Release|x86.Build.0 = Release|Any CPU
		{95D07D1C-7362-4D52-A93B-CD253161F53C}.Debug|Any CPU.ActiveCfg = Debug|Any CPU
		{95D07D1C-7362-4D52-A93B-CD253161F53C}.Debug|Any CPU.Build.0 = Debug|Any CPU
		{95D07D1C-7362-4D52-A93B-CD253161F53C}.Debug|x64.ActiveCfg = Debug|Any CPU
		{95D07D1C-7362-4D52-A93B-CD253161F53C}.Debug|x64.Build.0 = Debug|Any CPU
		{95D07D1C-7362-4D52-A93B-CD253161F53C}.Debug|x86.ActiveCfg = Debug|Any CPU
		{95D07D1C-7362-4D52-A93B-CD253161F53C}.Debug|x86.Build.0 = Debug|Any CPU
		{95D07D1C-7362-4D52-A93B-CD253161F53C}.Release|Any CPU.ActiveCfg = Release|Any CPU
		{95D07D1C-7362-4D52-A93B-CD253161F53C}.Release|Any CPU.Build.0 = Release|Any CPU
		{95D07D1C-7362-4D52-A93B-CD253161F53C}.Release|x64.ActiveCfg = Release|Any CPU
		{95D07D1C-7362-4D52-A93B-CD253161F53C}.Release|x64.Build.0 = Release|Any CPU
		{95D07D1C-7362-4D52-A93B-CD253161F53C}.Release|x86.ActiveCfg = Release|Any CPU
		{95D07D1C-7362-4D52-A93B-CD253161F53C}.Release|x86.Build.0 = Release|Any CPU
		{806AE552-E119-4789-B283-07E2CFDE3323}.Debug|Any CPU.ActiveCfg = Debug|Any CPU
		{806AE552-E119-4789-B283-07E2CFDE3323}.Debug|Any CPU.Build.0 = Debug|Any CPU
		{806AE552-E119-4789-B283-07E2CFDE3323}.Debug|x64.ActiveCfg = Debug|Any CPU
		{806AE552-E119-4789-B283-07E2CFDE3323}.Debug|x64.Build.0 = Debug|Any CPU
		{806AE552-E119-4789-B283-07E2CFDE3323}.Debug|x86.ActiveCfg = Debug|Any CPU
		{806AE552-E119-4789-B283-07E2CFDE3323}.Debug|x86.Build.0 = Debug|Any CPU
		{806AE552-E119-4789-B283-07E2CFDE3323}.Release|Any CPU.ActiveCfg = Release|Any CPU
		{806AE552-E119-4789-B283-07E2CFDE3323}.Release|Any CPU.Build.0 = Release|Any CPU
		{806AE552-E119-4789-B283-07E2CFDE3323}.Release|x64.ActiveCfg = Release|Any CPU
		{806AE552-E119-4789-B283-07E2CFDE3323}.Release|x64.Build.0 = Release|Any CPU
		{806AE552-E119-4789-B283-07E2CFDE3323}.Release|x86.ActiveCfg = Release|Any CPU
		{806AE552-E119-4789-B283-07E2CFDE3323}.Release|x86.Build.0 = Release|Any CPU
		{D69D4AD6-F007-40F1-9E01-C7838FC69055}.Debug|Any CPU.ActiveCfg = Debug|Any CPU
		{D69D4AD6-F007-40F1-9E01-C7838FC69055}.Debug|Any CPU.Build.0 = Debug|Any CPU
		{D69D4AD6-F007-40F1-9E01-C7838FC69055}.Debug|x64.ActiveCfg = Debug|Any CPU
		{D69D4AD6-F007-40F1-9E01-C7838FC69055}.Debug|x64.Build.0 = Debug|Any CPU
		{D69D4AD6-F007-40F1-9E01-C7838FC69055}.Debug|x86.ActiveCfg = Debug|Any CPU
		{D69D4AD6-F007-40F1-9E01-C7838FC69055}.Debug|x86.Build.0 = Debug|Any CPU
		{D69D4AD6-F007-40F1-9E01-C7838FC69055}.Release|Any CPU.ActiveCfg = Release|Any CPU
		{D69D4AD6-F007-40F1-9E01-C7838FC69055}.Release|Any CPU.Build.0 = Release|Any CPU
		{D69D4AD6-F007-40F1-9E01-C7838FC69055}.Release|x64.ActiveCfg = Release|Any CPU
		{D69D4AD6-F007-40F1-9E01-C7838FC69055}.Release|x64.Build.0 = Release|Any CPU
		{D69D4AD6-F007-40F1-9E01-C7838FC69055}.Release|x86.ActiveCfg = Release|Any CPU
		{D69D4AD6-F007-40F1-9E01-C7838FC69055}.Release|x86.Build.0 = Release|Any CPU
		{DF55D12F-C2B2-4213-B907-58BC07E331C1}.Debug|Any CPU.ActiveCfg = Debug|Any CPU
		{DF55D12F-C2B2-4213-B907-58BC07E331C1}.Debug|Any CPU.Build.0 = Debug|Any CPU
		{DF55D12F-C2B2-4213-B907-58BC07E331C1}.Debug|x64.ActiveCfg = Debug|Any CPU
		{DF55D12F-C2B2-4213-B907-58BC07E331C1}.Debug|x64.Build.0 = Debug|Any CPU
		{DF55D12F-C2B2-4213-B907-58BC07E331C1}.Debug|x86.ActiveCfg = Debug|Any CPU
		{DF55D12F-C2B2-4213-B907-58BC07E331C1}.Debug|x86.Build.0 = Debug|Any CPU
		{DF55D12F-C2B2-4213-B907-58BC07E331C1}.Release|Any CPU.ActiveCfg = Release|Any CPU
		{DF55D12F-C2B2-4213-B907-58BC07E331C1}.Release|Any CPU.Build.0 = Release|Any CPU
		{DF55D12F-C2B2-4213-B907-58BC07E331C1}.Release|x64.ActiveCfg = Release|Any CPU
		{DF55D12F-C2B2-4213-B907-58BC07E331C1}.Release|x64.Build.0 = Release|Any CPU
		{DF55D12F-C2B2-4213-B907-58BC07E331C1}.Release|x86.ActiveCfg = Release|Any CPU
		{DF55D12F-C2B2-4213-B907-58BC07E331C1}.Release|x86.Build.0 = Release|Any CPU
		{7FB688BD-0C57-4442-A5AF-F12D139556E8}.Debug|Any CPU.ActiveCfg = Debug|Any CPU
		{7FB688BD-0C57-4442-A5AF-F12D139556E8}.Debug|Any CPU.Build.0 = Debug|Any CPU
		{7FB688BD-0C57-4442-A5AF-F12D139556E8}.Debug|x64.ActiveCfg = Debug|Any CPU
		{7FB688BD-0C57-4442-A5AF-F12D139556E8}.Debug|x64.Build.0 = Debug|Any CPU
		{7FB688BD-0C57-4442-A5AF-F12D139556E8}.Debug|x86.ActiveCfg = Debug|Any CPU
		{7FB688BD-0C57-4442-A5AF-F12D139556E8}.Debug|x86.Build.0 = Debug|Any CPU
		{7FB688BD-0C57-4442-A5AF-F12D139556E8}.Release|Any CPU.ActiveCfg = Release|Any CPU
		{7FB688BD-0C57-4442-A5AF-F12D139556E8}.Release|Any CPU.Build.0 = Release|Any CPU
		{7FB688BD-0C57-4442-A5AF-F12D139556E8}.Release|x64.ActiveCfg = Release|Any CPU
		{7FB688BD-0C57-4442-A5AF-F12D139556E8}.Release|x64.Build.0 = Release|Any CPU
		{7FB688BD-0C57-4442-A5AF-F12D139556E8}.Release|x86.ActiveCfg = Release|Any CPU
		{7FB688BD-0C57-4442-A5AF-F12D139556E8}.Release|x86.Build.0 = Release|Any CPU
		{E31DB793-E853-41A8-A897-328140743FBF}.Debug|Any CPU.ActiveCfg = Debug|Any CPU
		{E31DB793-E853-41A8-A897-328140743FBF}.Debug|Any CPU.Build.0 = Debug|Any CPU
		{E31DB793-E853-41A8-A897-328140743FBF}.Debug|x64.ActiveCfg = Debug|Any CPU
		{E31DB793-E853-41A8-A897-328140743FBF}.Debug|x64.Build.0 = Debug|Any CPU
		{E31DB793-E853-41A8-A897-328140743FBF}.Debug|x86.ActiveCfg = Debug|Any CPU
		{E31DB793-E853-41A8-A897-328140743FBF}.Debug|x86.Build.0 = Debug|Any CPU
		{E31DB793-E853-41A8-A897-328140743FBF}.Release|Any CPU.ActiveCfg = Release|Any CPU
		{E31DB793-E853-41A8-A897-328140743FBF}.Release|Any CPU.Build.0 = Release|Any CPU
		{E31DB793-E853-41A8-A897-328140743FBF}.Release|x64.ActiveCfg = Release|Any CPU
		{E31DB793-E853-41A8-A897-328140743FBF}.Release|x64.Build.0 = Release|Any CPU
		{E31DB793-E853-41A8-A897-328140743FBF}.Release|x86.ActiveCfg = Release|Any CPU
		{E31DB793-E853-41A8-A897-328140743FBF}.Release|x86.Build.0 = Release|Any CPU
		{290AFBB1-4A70-4562-BFEB-1C54DE258EC5}.Debug|Any CPU.ActiveCfg = Debug|Any CPU
		{290AFBB1-4A70-4562-BFEB-1C54DE258EC5}.Debug|Any CPU.Build.0 = Debug|Any CPU
		{290AFBB1-4A70-4562-BFEB-1C54DE258EC5}.Debug|x64.ActiveCfg = Debug|Any CPU
		{290AFBB1-4A70-4562-BFEB-1C54DE258EC5}.Debug|x64.Build.0 = Debug|Any CPU
		{290AFBB1-4A70-4562-BFEB-1C54DE258EC5}.Debug|x86.ActiveCfg = Debug|Any CPU
		{290AFBB1-4A70-4562-BFEB-1C54DE258EC5}.Debug|x86.Build.0 = Debug|Any CPU
		{290AFBB1-4A70-4562-BFEB-1C54DE258EC5}.Release|Any CPU.ActiveCfg = Release|Any CPU
		{290AFBB1-4A70-4562-BFEB-1C54DE258EC5}.Release|Any CPU.Build.0 = Release|Any CPU
		{290AFBB1-4A70-4562-BFEB-1C54DE258EC5}.Release|x64.ActiveCfg = Release|Any CPU
		{290AFBB1-4A70-4562-BFEB-1C54DE258EC5}.Release|x64.Build.0 = Release|Any CPU
		{290AFBB1-4A70-4562-BFEB-1C54DE258EC5}.Release|x86.ActiveCfg = Release|Any CPU
		{290AFBB1-4A70-4562-BFEB-1C54DE258EC5}.Release|x86.Build.0 = Release|Any CPU
		{34ED2D96-988E-4D3C-AAF3-6349C16A69C3}.Debug|Any CPU.ActiveCfg = Debug|Any CPU
		{34ED2D96-988E-4D3C-AAF3-6349C16A69C3}.Debug|Any CPU.Build.0 = Debug|Any CPU
		{34ED2D96-988E-4D3C-AAF3-6349C16A69C3}.Debug|x64.ActiveCfg = Debug|Any CPU
		{34ED2D96-988E-4D3C-AAF3-6349C16A69C3}.Debug|x64.Build.0 = Debug|Any CPU
		{34ED2D96-988E-4D3C-AAF3-6349C16A69C3}.Debug|x86.ActiveCfg = Debug|Any CPU
		{34ED2D96-988E-4D3C-AAF3-6349C16A69C3}.Debug|x86.Build.0 = Debug|Any CPU
		{34ED2D96-988E-4D3C-AAF3-6349C16A69C3}.Release|Any CPU.ActiveCfg = Release|Any CPU
		{34ED2D96-988E-4D3C-AAF3-6349C16A69C3}.Release|Any CPU.Build.0 = Release|Any CPU
		{34ED2D96-988E-4D3C-AAF3-6349C16A69C3}.Release|x64.ActiveCfg = Release|Any CPU
		{34ED2D96-988E-4D3C-AAF3-6349C16A69C3}.Release|x64.Build.0 = Release|Any CPU
		{34ED2D96-988E-4D3C-AAF3-6349C16A69C3}.Release|x86.ActiveCfg = Release|Any CPU
		{34ED2D96-988E-4D3C-AAF3-6349C16A69C3}.Release|x86.Build.0 = Release|Any CPU
	EndGlobalSection
	GlobalSection(SolutionProperties) = preSolution
		HideSolutionNode = FALSE
	EndGlobalSection
	GlobalSection(NestedProjects) = preSolution
		{46E0799C-D3E2-48D7-9D0D-A9BE7929FA30} = {827E0CD3-B72D-47B6-A68D-7590B98EB39B}
		{A5C65AE3-12B4-4C0E-82CE-990052EDFA87} = {827E0CD3-B72D-47B6-A68D-7590B98EB39B}
		{65B36500-9F30-4E0F-9FED-8EB2ABB41BFD} = {827E0CD3-B72D-47B6-A68D-7590B98EB39B}
		{95D07D1C-7362-4D52-A93B-CD253161F53C} = {827E0CD3-B72D-47B6-A68D-7590B98EB39B}
		{806AE552-E119-4789-B283-07E2CFDE3323} = {827E0CD3-B72D-47B6-A68D-7590B98EB39B}
		{D69D4AD6-F007-40F1-9E01-C7838FC69055} = {827E0CD3-B72D-47B6-A68D-7590B98EB39B}
		{DF55D12F-C2B2-4213-B907-58BC07E331C1} = {827E0CD3-B72D-47B6-A68D-7590B98EB39B}
		{7FB688BD-0C57-4442-A5AF-F12D139556E8} = {827E0CD3-B72D-47B6-A68D-7590B98EB39B}
		{E31DB793-E853-41A8-A897-328140743FBF} = {827E0CD3-B72D-47B6-A68D-7590B98EB39B}
		{290AFBB1-4A70-4562-BFEB-1C54DE258EC5} = {827E0CD3-B72D-47B6-A68D-7590B98EB39B}
		{34ED2D96-988E-4D3C-AAF3-6349C16A69C3} = {827E0CD3-B72D-47B6-A68D-7590B98EB39B}
	EndGlobalSection
EndGlobal
