
Microsoft Visual Studio Solution File, Format Version 12.00
# Visual Studio Version 17
VisualStudioVersion = 17.0.31903.59
MinimumVisualStudioVersion = 10.0.40219.1
Project("{2150E333-8FDC-42A3-9474-1A3956D46DE8}") = "src", "src", "{827E0CD3-B72D-47B6-A68D-7590B98EB39B}"
EndProject
Project("{FAE04EC0-301F-11D3-BF4B-00C04F79EFBC}") = "SimBootstrap.Common", "src\SimBootstrap.Common\SimBootstrap.Common.csproj", "{2F6C59D3-D465-4E18-A919-2F1EFA11FCA9}"
EndProject
Project("{FAE04EC0-301F-11D3-BF4B-00C04F79EFBC}") = "SimBootstrap.Logging", "src\SimBootstrap.Logging\SimBootstrap.Logging.csproj", "{FEE1C313-312B-45F5-9A4F-5F7E5A3F3B6A}"
EndProject
Project("{FAE04EC0-301F-11D3-BF4B-00C04F79EFBC}") = "SimBootstrap.Contracts", "src\SimBootstrap.Contracts\SimBootstrap.Contracts.csproj", "{BBBE87EA-29BA-4B17-AC3B-0F14C8367E8E}"
EndProject
Project("{FAE04EC0-301F-11D3-BF4B-00C04F79EFBC}") = "SimBootstrap.Core", "src\SimBootstrap.Core\SimBootstrap.Core.csproj", "{93E87092-9F08-4F28-A652-E6694A4AAF9C}"
EndProject
Project("{FAE04EC0-301F-11D3-BF4B-00C04F79EFBC}") = "SimBootstrap.Packages", "src\SimBootstrap.Packages\SimBootstrap.Packages.csproj", "{75799C0C-A91E-4915-AE96-2940E1FD2835}"
EndProject
Project("{FAE04EC0-301F-11D3-BF4B-00C04F79EFBC}") = "SimBootstrap.Engine", "src\SimBootstrap.Engine\SimBootstrap.Engine.csproj", "{DA20797C-6EE1-4634-A258-5DD3B009EC9C}"
EndProject
Project("{FAE04EC0-301F-11D3-BF4B-00C04F79EFBC}") = "SimBootstrap.SDK", "src\SimBootstrap.SDK\SimBootstrap.SDK.csproj", "{954CD6D0-BFD5-4E0E-9AD8-3FFEED606448}"
EndProject
Project("{FAE04EC0-301F-11D3-BF4B-00C04F79EFBC}") = "SimBootstrap.UI", "src\SimBootstrap.UI\SimBootstrap.UI.csproj", "{60B92FE4-0240-4C84-B372-63C1ED360989}"
EndProject
Project("{FAE04EC0-301F-11D3-BF4B-00C04F79EFBC}") = "SimBootstrap.Tests.Unit", "tests\SimBootstrap.Tests.Unit\SimBootstrap.Tests.Unit.csproj", "{D163F6C9-0234-4F65-BD3E-BFCEB1ECDFA0}"
EndProject
Project("{FAE04EC0-301F-11D3-BF4B-00C04F79EFBC}") = "SimBootstrap.Tests.Integration", "tests\SimBootstrap.Tests.Integration\SimBootstrap.Tests.Integration.csproj", "{397B41F3-05C5-4FE1-A2E2-657266F92C1B}"
EndProject
Project("{FAE04EC0-301F-11D3-BF4B-00C04F79EFBC}") = "SimBootstrap.CLI", "src\SimBootstrap.CLI\SimBootstrap.CLI.csproj", "{52A8BB5B-2F36-4060-8466-16D0D1C12382}"
EndProject
Project("{FAE04EC0-301F-11D3-BF4B-00C04F79EFBC}") = "SimBootstrap.Agent", "src\SimBootstrap.Agent\SimBootstrap.Agent.csproj", "{5D9F6930-DE71-4899-A8C4-DFA4F459975D}"
EndProject
Project("{FAE04EC0-301F-11D3-BF4B-00C04F79EFBC}") = "SimBootstrap.Setup", "src\SimBootstrap.Setup\SimBootstrap.Setup.csproj", "{4C7B82D5-9146-4725-898D-6E9BD63DB8EB}"
EndProject
Global
	GlobalSection(SolutionConfigurationPlatforms) = preSolution
		Debug|Any CPU = Debug|Any CPU
		Debug|x64 = Debug|x64
		Debug|x86 = Debug|x86
		Release|Any CPU = Release|Any CPU
		Release|x64 = Release|x64
		Release|x86 = Release|x86
	EndGlobalSection
	GlobalSection(ProjectConfigurationPlatforms) = postSolution
		{2F6C59D3-D465-4E18-A919-2F1EFA11FCA9}.Debug|Any CPU.ActiveCfg = Debug|Any CPU
		{2F6C59D3-D465-4E18-A919-2F1EFA11FCA9}.Debug|Any CPU.Build.0 = Debug|Any CPU
		{2F6C59D3-D465-4E18-A919-2F1EFA11FCA9}.Debug|x64.ActiveCfg = Debug|Any CPU
		{2F6C59D3-D465-4E18-A919-2F1EFA11FCA9}.Debug|x64.Build.0 = Debug|Any CPU
		{2F6C59D3-D465-4E18-A919-2F1EFA11FCA9}.Debug|x86.ActiveCfg = Debug|Any CPU
		{2F6C59D3-D465-4E18-A919-2F1EFA11FCA9}.Debug|x86.Build.0 = Debug|Any CPU
		{2F6C59D3-D465-4E18-A919-2F1EFA11FCA9}.Release|Any CPU.ActiveCfg = Release|Any CPU
		{2F6C59D3-D465-4E18-A919-2F1EFA11FCA9}.Release|Any CPU.Build.0 = Release|Any CPU
		{2F6C59D3-D465-4E18-A919-2F1EFA11FCA9}.Release|x64.ActiveCfg = Release|Any CPU
		{2F6C59D3-D465-4E18-A919-2F1EFA11FCA9}.Release|x64.Build.0 = Release|Any CPU
		{2F6C59D3-D465-4E18-A919-2F1EFA11FCA9}.Release|x86.ActiveCfg = Release|Any CPU
		{2F6C59D3-D465-4E18-A919-2F1EFA11FCA9}.Release|x86.Build.0 = Release|Any CPU
		{FEE1C313-312B-45F5-9A4F-5F7E5A3F3B6A}.Debug|Any CPU.ActiveCfg = Debug|Any CPU
		{FEE1C313-312B-45F5-9A4F-5F7E5A3F3B6A}.Debug|Any CPU.Build.0 = Debug|Any CPU
		{FEE1C313-312B-45F5-9A4F-5F7E5A3F3B6A}.Debug|x64.ActiveCfg = Debug|Any CPU
		{FEE1C313-312B-45F5-9A4F-5F7E5A3F3B6A}.Debug|x64.Build.0 = Debug|Any CPU
		{FEE1C313-312B-45F5-9A4F-5F7E5A3F3B6A}.Debug|x86.ActiveCfg = Debug|Any CPU
		{FEE1C313-312B-45F5-9A4F-5F7E5A3F3B6A}.Debug|x86.Build.0 = Debug|Any CPU
		{FEE1C313-312B-45F5-9A4F-5F7E5A3F3B6A}.Release|Any CPU.ActiveCfg = Release|Any CPU
		{FEE1C313-312B-45F5-9A4F-5F7E5A3F3B6A}.Release|Any CPU.Build.0 = Release|Any CPU
		{FEE1C313-312B-45F5-9A4F-5F7E5A3F3B6A}.Release|x64.ActiveCfg = Release|Any CPU
		{FEE1C313-312B-45F5-9A4F-5F7E5A3F3B6A}.Release|x64.Build.0 = Release|Any CPU
		{FEE1C313-312B-45F5-9A4F-5F7E5A3F3B6A}.Release|x86.ActiveCfg = Release|Any CPU
		{FEE1C313-312B-45F5-9A4F-5F7E5A3F3B6A}.Release|x86.Build.0 = Release|Any CPU
		{BBBE87EA-29BA-4B17-AC3B-0F14C8367E8E}.Debug|Any CPU.ActiveCfg = Debug|Any CPU
		{BBBE87EA-29BA-4B17-AC3B-0F14C8367E8E}.Debug|Any CPU.Build.0 = Debug|Any CPU
		{BBBE87EA-29BA-4B17-AC3B-0F14C8367E8E}.Debug|x64.ActiveCfg = Debug|Any CPU
		{BBBE87EA-29BA-4B17-AC3B-0F14C8367E8E}.Debug|x64.Build.0 = Debug|Any CPU
		{BBBE87EA-29BA-4B17-AC3B-0F14C8367E8E}.Debug|x86.ActiveCfg = Debug|Any CPU
		{BBBE87EA-29BA-4B17-AC3B-0F14C8367E8E}.Debug|x86.Build.0 = Debug|Any CPU
		{BBBE87EA-29BA-4B17-AC3B-0F14C8367E8E}.Release|Any CPU.ActiveCfg = Release|Any CPU
		{BBBE87EA-29BA-4B17-AC3B-0F14C8367E8E}.Release|Any CPU.Build.0 = Release|Any CPU
		{BBBE87EA-29BA-4B17-AC3B-0F14C8367E8E}.Release|x64.ActiveCfg = Release|Any CPU
		{BBBE87EA-29BA-4B17-AC3B-0F14C8367E8E}.Release|x64.Build.0 = Release|Any CPU
		{BBBE87EA-29BA-4B17-AC3B-0F14C8367E8E}.Release|x86.ActiveCfg = Release|Any CPU
		{BBBE87EA-29BA-4B17-AC3B-0F14C8367E8E}.Release|x86.Build.0 = Release|Any CPU
		{93E87092-9F08-4F28-A652-E6694A4AAF9C}.Debug|Any CPU.ActiveCfg = Debug|Any CPU
		{93E87092-9F08-4F28-A652-E6694A4AAF9C}.Debug|Any CPU.Build.0 = Debug|Any CPU
		{93E87092-9F08-4F28-A652-E6694A4AAF9C}.Debug|x64.ActiveCfg = Debug|Any CPU
		{93E87092-9F08-4F28-A652-E6694A4AAF9C}.Debug|x64.Build.0 = Debug|Any CPU
		{93E87092-9F08-4F28-A652-E6694A4AAF9C}.Debug|x86.ActiveCfg = Debug|Any CPU
		{93E87092-9F08-4F28-A652-E6694A4AAF9C}.Debug|x86.Build.0 = Debug|Any CPU
		{93E87092-9F08-4F28-A652-E6694A4AAF9C}.Release|Any CPU.ActiveCfg = Release|Any CPU
		{93E87092-9F08-4F28-A652-E6694A4AAF9C}.Release|Any CPU.Build.0 = Release|Any CPU
		{93E87092-9F08-4F28-A652-E6694A4AAF9C}.Release|x64.ActiveCfg = Release|Any CPU
		{93E87092-9F08-4F28-A652-E6694A4AAF9C}.Release|x64.Build.0 = Release|Any CPU
		{93E87092-9F08-4F28-A652-E6694A4AAF9C}.Release|x86.ActiveCfg = Release|Any CPU
		{93E87092-9F08-4F28-A652-E6694A4AAF9C}.Release|x86.Build.0 = Release|Any CPU
		{75799C0C-A91E-4915-AE96-2940E1FD2835}.Debug|Any CPU.ActiveCfg = Debug|Any CPU
		{75799C0C-A91E-4915-AE96-2940E1FD2835}.Debug|Any CPU.Build.0 = Debug|Any CPU
		{75799C0C-A91E-4915-AE96-2940E1FD2835}.Debug|x64.ActiveCfg = Debug|Any CPU
		{75799C0C-A91E-4915-AE96-2940E1FD2835}.Debug|x64.Build.0 = Debug|Any CPU
		{75799C0C-A91E-4915-AE96-2940E1FD2835}.Debug|x86.ActiveCfg = Debug|Any CPU
		{75799C0C-A91E-4915-AE96-2940E1FD2835}.Debug|x86.Build.0 = Debug|Any CPU
		{75799C0C-A91E-4915-AE96-2940E1FD2835}.Release|Any CPU.ActiveCfg = Release|Any CPU
		{75799C0C-A91E-4915-AE96-2940E1FD2835}.Release|Any CPU.Build.0 = Release|Any CPU
		{75799C0C-A91E-4915-AE96-2940E1FD2835}.Release|x64.ActiveCfg = Release|Any CPU
		{75799C0C-A91E-4915-AE96-2940E1FD2835}.Release|x64.Build.0 = Release|Any CPU
		{75799C0C-A91E-4915-AE96-2940E1FD2835}.Release|x86.ActiveCfg = Release|Any CPU
		{75799C0C-A91E-4915-AE96-2940E1FD2835}.Release|x86.Build.0 = Release|Any CPU
		{DA20797C-6EE1-4634-A258-5DD3B009EC9C}.Debug|Any CPU.ActiveCfg = Debug|Any CPU
		{DA20797C-6EE1-4634-A258-5DD3B009EC9C}.Debug|Any CPU.Build.0 = Debug|Any CPU
		{DA20797C-6EE1-4634-A258-5DD3B009EC9C}.Debug|x64.ActiveCfg = Debug|Any CPU
		{DA20797C-6EE1-4634-A258-5DD3B009EC9C}.Debug|x64.Build.0 = Debug|Any CPU
		{DA20797C-6EE1-4634-A258-5DD3B009EC9C}.Debug|x86.ActiveCfg = Debug|Any CPU
		{DA20797C-6EE1-4634-A258-5DD3B009EC9C}.Debug|x86.Build.0 = Debug|Any CPU
		{DA20797C-6EE1-4634-A258-5DD3B009EC9C}.Release|Any CPU.ActiveCfg = Release|Any CPU
		{DA20797C-6EE1-4634-A258-5DD3B009EC9C}.Release|Any CPU.Build.0 = Release|Any CPU
		{DA20797C-6EE1-4634-A258-5DD3B009EC9C}.Release|x64.ActiveCfg = Release|Any CPU
		{DA20797C-6EE1-4634-A258-5DD3B009EC9C}.Release|x64.Build.0 = Release|Any CPU
		{DA20797C-6EE1-4634-A258-5DD3B009EC9C}.Release|x86.ActiveCfg = Release|Any CPU
		{DA20797C-6EE1-4634-A258-5DD3B009EC9C}.Release|x86.Build.0 = Release|Any CPU
		{954CD6D0-BFD5-4E0E-9AD8-3FFEED606448}.Debug|Any CPU.ActiveCfg = Debug|Any CPU
		{954CD6D0-BFD5-4E0E-9AD8-3FFEED606448}.Debug|Any CPU.Build.0 = Debug|Any CPU
		{954CD6D0-BFD5-4E0E-9AD8-3FFEED606448}.Debug|x64.ActiveCfg = Debug|Any CPU
		{954CD6D0-BFD5-4E0E-9AD8-3FFEED606448}.Debug|x64.Build.0 = Debug|Any CPU
		{954CD6D0-BFD5-4E0E-9AD8-3FFEED606448}.Debug|x86.ActiveCfg = Debug|Any CPU
		{954CD6D0-BFD5-4E0E-9AD8-3FFEED606448}.Debug|x86.Build.0 = Debug|Any CPU
		{954CD6D0-BFD5-4E0E-9AD8-3FFEED606448}.Release|Any CPU.ActiveCfg = Release|Any CPU
		{954CD6D0-BFD5-4E0E-9AD8-3FFEED606448}.Release|Any CPU.Build.0 = Release|Any CPU
		{954CD6D0-BFD5-4E0E-9AD8-3FFEED606448}.Release|x64.ActiveCfg = Release|Any CPU
		{954CD6D0-BFD5-4E0E-9AD8-3FFEED606448}.Release|x64.Build.0 = Release|Any CPU
		{954CD6D0-BFD5-4E0E-9AD8-3FFEED606448}.Release|x86.ActiveCfg = Release|Any CPU
		{954CD6D0-BFD5-4E0E-9AD8-3FFEED606448}.Release|x86.Build.0 = Release|Any CPU
		{60B92FE4-0240-4C84-B372-63C1ED360989}.Debug|Any CPU.ActiveCfg = Debug|Any CPU
		{60B92FE4-0240-4C84-B372-63C1ED360989}.Debug|Any CPU.Build.0 = Debug|Any CPU
		{60B92FE4-0240-4C84-B372-63C1ED360989}.Debug|x64.ActiveCfg = Debug|Any CPU
		{60B92FE4-0240-4C84-B372-63C1ED360989}.Debug|x64.Build.0 = Debug|Any CPU
		{60B92FE4-0240-4C84-B372-63C1ED360989}.Debug|x86.ActiveCfg = Debug|Any CPU
		{60B92FE4-0240-4C84-B372-63C1ED360989}.Debug|x86.Build.0 = Debug|Any CPU
		{60B92FE4-0240-4C84-B372-63C1ED360989}.Release|Any CPU.ActiveCfg = Release|Any CPU
		{60B92FE4-0240-4C84-B372-63C1ED360989}.Release|Any CPU.Build.0 = Release|Any CPU
		{60B92FE4-0240-4C84-B372-63C1ED360989}.Release|x64.ActiveCfg = Release|Any CPU
		{60B92FE4-0240-4C84-B372-63C1ED360989}.Release|x64.Build.0 = Release|Any CPU
		{60B92FE4-0240-4C84-B372-63C1ED360989}.Release|x86.ActiveCfg = Release|Any CPU
		{60B92FE4-0240-4C84-B372-63C1ED360989}.Release|x86.Build.0 = Release|Any CPU
		{D163F6C9-0234-4F65-BD3E-BFCEB1ECDFA0}.Debug|Any CPU.ActiveCfg = Debug|Any CPU
		{D163F6C9-0234-4F65-BD3E-BFCEB1ECDFA0}.Debug|Any CPU.Build.0 = Debug|Any CPU
		{D163F6C9-0234-4F65-BD3E-BFCEB1ECDFA0}.Debug|x64.ActiveCfg = Debug|Any CPU
		{D163F6C9-0234-4F65-BD3E-BFCEB1ECDFA0}.Debug|x64.Build.0 = Debug|Any CPU
		{D163F6C9-0234-4F65-BD3E-BFCEB1ECDFA0}.Debug|x86.ActiveCfg = Debug|Any CPU
		{D163F6C9-0234-4F65-BD3E-BFCEB1ECDFA0}.Debug|x86.Build.0 = Debug|Any CPU
		{D163F6C9-0234-4F65-BD3E-BFCEB1ECDFA0}.Release|Any CPU.ActiveCfg = Release|Any CPU
		{D163F6C9-0234-4F65-BD3E-BFCEB1ECDFA0}.Release|Any CPU.Build.0 = Release|Any CPU
		{D163F6C9-0234-4F65-BD3E-BFCEB1ECDFA0}.Release|x64.ActiveCfg = Release|Any CPU
		{D163F6C9-0234-4F65-BD3E-BFCEB1ECDFA0}.Release|x64.Build.0 = Release|Any CPU
		{D163F6C9-0234-4F65-BD3E-BFCEB1ECDFA0}.Release|x86.ActiveCfg = Release|Any CPU
		{D163F6C9-0234-4F65-BD3E-BFCEB1ECDFA0}.Release|x86.Build.0 = Release|Any CPU
		{397B41F3-05C5-4FE1-A2E2-657266F92C1B}.Debug|Any CPU.ActiveCfg = Debug|Any CPU
		{397B41F3-05C5-4FE1-A2E2-657266F92C1B}.Debug|Any CPU.Build.0 = Debug|Any CPU
		{397B41F3-05C5-4FE1-A2E2-657266F92C1B}.Debug|x64.ActiveCfg = Debug|Any CPU
		{397B41F3-05C5-4FE1-A2E2-657266F92C1B}.Debug|x64.Build.0 = Debug|Any CPU
		{397B41F3-05C5-4FE1-A2E2-657266F92C1B}.Debug|x86.ActiveCfg = Debug|Any CPU
		{397B41F3-05C5-4FE1-A2E2-657266F92C1B}.Debug|x86.Build.0 = Debug|Any CPU
		{397B41F3-05C5-4FE1-A2E2-657266F92C1B}.Release|Any CPU.ActiveCfg = Release|Any CPU
		{397B41F3-05C5-4FE1-A2E2-657266F92C1B}.Release|Any CPU.Build.0 = Release|Any CPU
		{397B41F3-05C5-4FE1-A2E2-657266F92C1B}.Release|x64.ActiveCfg = Release|Any CPU
		{397B41F3-05C5-4FE1-A2E2-657266F92C1B}.Release|x64.Build.0 = Release|Any CPU
		{397B41F3-05C5-4FE1-A2E2-657266F92C1B}.Release|x86.ActiveCfg = Release|Any CPU
		{397B41F3-05C5-4FE1-A2E2-657266F92C1B}.Release|x86.Build.0 = Release|Any CPU
		{52A8BB5B-2F36-4060-8466-16D0D1C12382}.Debug|Any CPU.ActiveCfg = Debug|Any CPU
		{52A8BB5B-2F36-4060-8466-16D0D1C12382}.Debug|Any CPU.Build.0 = Debug|Any CPU
		{52A8BB5B-2F36-4060-8466-16D0D1C12382}.Debug|x64.ActiveCfg = Debug|Any CPU
		{52A8BB5B-2F36-4060-8466-16D0D1C12382}.Debug|x64.Build.0 = Debug|Any CPU
		{52A8BB5B-2F36-4060-8466-16D0D1C12382}.Debug|x86.ActiveCfg = Debug|Any CPU
		{52A8BB5B-2F36-4060-8466-16D0D1C12382}.Debug|x86.Build.0 = Debug|Any CPU
		{52A8BB5B-2F36-4060-8466-16D0D1C12382}.Release|Any CPU.ActiveCfg = Release|Any CPU
		{52A8BB5B-2F36-4060-8466-16D0D1C12382}.Release|Any CPU.Build.0 = Release|Any CPU
		{52A8BB5B-2F36-4060-8466-16D0D1C12382}.Release|x64.ActiveCfg = Release|Any CPU
		{52A8BB5B-2F36-4060-8466-16D0D1C12382}.Release|x64.Build.0 = Release|Any CPU
		{52A8BB5B-2F36-4060-8466-16D0D1C12382}.Release|x86.ActiveCfg = Release|Any CPU
		{52A8BB5B-2F36-4060-8466-16D0D1C12382}.Release|x86.Build.0 = Release|Any CPU
		{5D9F6930-DE71-4899-A8C4-DFA4F459975D}.Debug|Any CPU.ActiveCfg = Debug|Any CPU
		{5D9F6930-DE71-4899-A8C4-DFA4F459975D}.Debug|Any CPU.Build.0 = Debug|Any CPU
		{5D9F6930-DE71-4899-A8C4-DFA4F459975D}.Debug|x64.ActiveCfg = Debug|Any CPU
		{5D9F6930-DE71-4899-A8C4-DFA4F459975D}.Debug|x64.Build.0 = Debug|Any CPU
		{5D9F6930-DE71-4899-A8C4-DFA4F459975D}.Debug|x86.ActiveCfg = Debug|Any CPU
		{5D9F6930-DE71-4899-A8C4-DFA4F459975D}.Debug|x86.Build.0 = Debug|Any CPU
		{5D9F6930-DE71-4899-A8C4-DFA4F459975D}.Release|Any CPU.ActiveCfg = Release|Any CPU
		{5D9F6930-DE71-4899-A8C4-DFA4F459975D}.Release|Any CPU.Build.0 = Release|Any CPU
		{5D9F6930-DE71-4899-A8C4-DFA4F459975D}.Release|x64.ActiveCfg = Release|Any CPU
		{5D9F6930-DE71-4899-A8C4-DFA4F459975D}.Release|x64.Build.0 = Release|Any CPU
		{5D9F6930-DE71-4899-A8C4-DFA4F459975D}.Release|x86.ActiveCfg = Release|Any CPU
		{5D9F6930-DE71-4899-A8C4-DFA4F459975D}.Release|x86.Build.0 = Release|Any CPU
		{4C7B82D5-9146-4725-898D-6E9BD63DB8EB}.Debug|Any CPU.ActiveCfg = Debug|Any CPU
		{4C7B82D5-9146-4725-898D-6E9BD63DB8EB}.Debug|Any CPU.Build.0 = Debug|Any CPU
		{4C7B82D5-9146-4725-898D-6E9BD63DB8EB}.Debug|x64.ActiveCfg = Debug|Any CPU
		{4C7B82D5-9146-4725-898D-6E9BD63DB8EB}.Debug|x64.Build.0 = Debug|Any CPU
		{4C7B82D5-9146-4725-898D-6E9BD63DB8EB}.Debug|x86.ActiveCfg = Debug|Any CPU
		{4C7B82D5-9146-4725-898D-6E9BD63DB8EB}.Debug|x86.Build.0 = Debug|Any CPU
		{4C7B82D5-9146-4725-898D-6E9BD63DB8EB}.Release|Any CPU.ActiveCfg = Release|Any CPU
		{4C7B82D5-9146-4725-898D-6E9BD63DB8EB}.Release|Any CPU.Build.0 = Release|Any CPU
		{4C7B82D5-9146-4725-898D-6E9BD63DB8EB}.Release|x64.ActiveCfg = Release|Any CPU
		{4C7B82D5-9146-4725-898D-6E9BD63DB8EB}.Release|x64.Build.0 = Release|Any CPU
		{4C7B82D5-9146-4725-898D-6E9BD63DB8EB}.Release|x86.ActiveCfg = Release|Any CPU
		{4C7B82D5-9146-4725-898D-6E9BD63DB8EB}.Release|x86.Build.0 = Release|Any CPU
	EndGlobalSection
	GlobalSection(SolutionProperties) = preSolution
		HideSolutionNode = FALSE
	EndGlobalSection
	GlobalSection(NestedProjects) = preSolution
		{2F6C59D3-D465-4E18-A919-2F1EFA11FCA9} = {827E0CD3-B72D-47B6-A68D-7590B98EB39B}
		{FEE1C313-312B-45F5-9A4F-5F7E5A3F3B6A} = {827E0CD3-B72D-47B6-A68D-7590B98EB39B}
		{BBBE87EA-29BA-4B17-AC3B-0F14C8367E8E} = {827E0CD3-B72D-47B6-A68D-7590B98EB39B}
		{93E87092-9F08-4F28-A652-E6694A4AAF9C} = {827E0CD3-B72D-47B6-A68D-7590B98EB39B}
		{75799C0C-A91E-4915-AE96-2940E1FD2835} = {827E0CD3-B72D-47B6-A68D-7590B98EB39B}
		{DA20797C-6EE1-4634-A258-5DD3B009EC9C} = {827E0CD3-B72D-47B6-A68D-7590B98EB39B}
		{954CD6D0-BFD5-4E0E-9AD8-3FFEED606448} = {827E0CD3-B72D-47B6-A68D-7590B98EB39B}
		{60B92FE4-0240-4C84-B372-63C1ED360989} = {827E0CD3-B72D-47B6-A68D-7590B98EB39B}
		{D163F6C9-0234-4F65-BD3E-BFCEB1ECDFA0} = {827E0CD3-B72D-47B6-A68D-7590B98EB39B}
		{397B41F3-05C5-4FE1-A2E2-657266F92C1B} = {827E0CD3-B72D-47B6-A68D-7590B98EB39B}
		{52A8BB5B-2F36-4060-8466-16D0D1C12382} = {827E0CD3-B72D-47B6-A68D-7590B98EB39B}
		{5D9F6930-DE71-4899-A8C4-DFA4F459975D} = {827E0CD3-B72D-47B6-A68D-7590B98EB39B}
		{4C7B82D5-9146-4725-898D-6E9BD63DB8EB} = {827E0CD3-B72D-47B6-A68D-7590B98EB39B}
	EndGlobalSection
EndGlobal
